
Microsoft Visual Studio Solution File, Format Version 12.00
# Visual Studio Version 17
VisualStudioVersion = 17.2.32526.322
MinimumVisualStudioVersion = 10.0.40219.1
Project("{FAE04EC0-301F-11D3-BF4B-00C04F79EFBC}") = "WebAppGithub", "WebAppGithub\WebAppGithub.csproj", "{26B1E2A0-E612-4879-9E5E-052C01D33CB9}"
EndProject
Global
	GlobalSection(SolutionConfigurationPlatforms) = preSolution
		Debug|Any CPU = Debug|Any CPU
		Release|Any CPU = Release|Any CPU
	EndGlobalSection
	GlobalSection(ProjectConfigurationPlatforms) = postSolution
		{26B1E2A0-E612-4879-9E5E-052C01D33CB9}.Debug|Any CPU.ActiveCfg = Debug|Any CPU
		{26B1E2A0-E612-4879-9E5E-052C01D33CB9}.Debug|Any CPU.Build.0 = Debug|Any CPU
		{26B1E2A0-E612-4879-9E5E-052C01D33CB9}.Release|Any CPU.ActiveCfg = Release|Any CPU
		{26B1E2A0-E612-4879-9E5E-052C01D33CB9}.Release|Any CPU.Build.0 = Release|Any CPU
	EndGlobalSection
	GlobalSection(SolutionProperties) = preSolution
		HideSolutionNode = FALSE
	EndGlobalSection
	GlobalSection(ExtensibilityGlobals) = postSolution
		SolutionGuid = {FD9FF794-2F27-48E3-8A72-E9A09F5A4E89}
	EndGlobalSection
EndGlobal
